
Microsoft Visual Studio Solution File, Format Version 12.00
# Visual Studio 15
VisualStudioVersion = 15.0.27130.2024
MinimumVisualStudioVersion = 10.0.40219.1
Project("{54435603-DBB4-11D2-8724-00A0C9A8B90C}") = "Setup", "Setup\Setup.vdproj", "{E33B66B4-6C8A-4198-993E-89D1729D5C0A}"
EndProject
Global
	GlobalSection(SolutionConfigurationPlatforms) = preSolution
		Debug|Default = Debug|Default
		Release|Default = Release|Default
	EndGlobalSection
	GlobalSection(ProjectConfigurationPlatforms) = postSolution
		{E33B66B4-6C8A-4198-993E-89D1729D5C0A}.Debug|Default.ActiveCfg = Debug
		{E33B66B4-6C8A-4198-993E-89D1729D5C0A}.Debug|Default.Build.0 = Debug
		{E33B66B4-6C8A-4198-993E-89D1729D5C0A}.Release|Default.ActiveCfg = Release
		{E33B66B4-6C8A-4198-993E-89D1729D5C0A}.Release|Default.Build.0 = Release
	EndGlobalSection
	GlobalSection(SolutionProperties) = preSolution
		HideSolutionNode = FALSE
	EndGlobalSection
	GlobalSection(ExtensibilityGlobals) = postSolution
		SolutionGuid = {E5EC3737-B0CD-4DCB-A0B6-6E01FBA5E87E}
	EndGlobalSection
EndGlobal
